{
  "version": 4,
  "terraform_version": "1.9.8",
  "serial": 121,
  "lineage": "f82d2217-f5d6-9e03-a80e-e14c3560dba8",
  "outputs": {
    "FQDN_bastion": {
      "value": "bastion.ru-central1.internal",
      "type": "string"
    },
    "FQDN_elastic": {
      "value": "elastic.ru-central1.internal",
      "type": "string"
    },
    "FQDN_kibana": {
      "value": "kibana.ru-central1.internal",
      "type": "string"
    },
    "FQDN_web-1": {
      "value": "web1.ru-central1.internal",
      "type": "string"
    },
    "FQDN_web-2": {
      "value": "web2.ru-central1.internal",
      "type": "string"
    },
    "FQDN_zabbix": {
      "value": "zabbix.ru-central1.internal",
      "type": "string"
    },
    "external_ip_address_L7balancer": {
      "value": [
        {
          "address": "158.160.193.38"
        }
      ],
      "type": [
        "list",
        [
          "object",
          {
            "address": "string"
          }
        ]
      ]
    },
    "external_ip_address_bastion": {
      "value": "158.160.78.148",
      "type": "string"
    },
    "external_ip_address_kibana": {
      "value": "158.160.72.192",
      "type": "string"
    },
    "external_ip_address_zabbix": {
      "value": "158.160.64.143",
      "type": "string"
    },
    "internal_ip_address_bastion": {
      "value": "10.10.4.4",
      "type": "string"
    },
    "internal_ip_address_elastic": {
      "value": "10.10.3.4",
      "type": "string"
    },
    "internal_ip_address_kibana": {
      "value": "10.10.4.3",
      "type": "string"
    },
    "internal_ip_address_web-1": {
      "value": "10.10.1.3",
      "type": "string"
    },
    "internal_ip_address_web-2": {
      "value": "10.10.2.3",
      "type": "string"
    },
    "internal_ip_address_zabbix": {
      "value": "10.10.4.5",
      "type": "string"
    }
  },
  "resources": [
    {
      "mode": "managed",
      "type": "yandex_alb_backend_group",
      "name": "web_alb_bg",
      "provider": "provider[\"registry.terraform.io/yandex-cloud/yandex\"]",
      "instances": [
        {
          "schema_version": 0,
          "attributes": {
            "created_at": "2025-10-30T12:25:33Z",
            "description": "",
            "folder_id": "b1gpdgi2qeubb28qhmg8",
            "grpc_backend": [],
            "http_backend": [
              {
                "healthcheck": [
                  {
                    "grpc_healthcheck": [],
                    "healthcheck_port": 0,
                    "healthy_threshold": 10,
                    "http_healthcheck": [
                      {
                        "expected_statuses": null,
                        "host": "",
                        "http2": false,
                        "path": "/"
                      }
                    ],
                    "interval": "2s",
                    "interval_jitter_percent": 0,
                    "stream_healthcheck": [],
                    "timeout": "10s",
                    "unhealthy_threshold": 15
                  }
                ],
                "http2": false,
                "load_balancing_config": [
                  {
                    "locality_aware_routing_percent": 0,
                    "mode": "ROUND_ROBIN",
                    "panic_threshold": 90,
                    "strict_locality": false
                  }
                ],
                "name": "http-backend",
                "port": 80,
                "storage_bucket": "",
                "target_group_ids": [
                  "ds79s7ovhk7u4c0a15fc"
                ],
                "tls": [],
                "weight": 1
              }
            ],
            "id": "ds7ki749dc6ogt4vjnp3",
            "labels": null,
            "name": "new-backend-group",
            "session_affinity": [],
            "stream_backend": [],
            "timeouts": null
          },
          "sensitive_attributes": [],
          "private": "eyJlMmJmYjczMC1lY2FhLTExZTYtOGY4OC0zNDM2M2JjN2M0YzAiOnsiY3JlYXRlIjozMDAwMDAwMDAwMDAsImRlbGV0ZSI6MzAwMDAwMDAwMDAwLCJ1cGRhdGUiOjMwMDAwMDAwMDAwMH19",
          "dependencies": [
            "yandex_alb_target_group.web_tg_group",
            "yandex_compute_disk.disk-bastion",
            "yandex_compute_disk.disk-web-1",
            "yandex_compute_disk.disk-web-2",
            "yandex_compute_instance.bastion",
            "yandex_compute_instance.web-1",
            "yandex_compute_instance.web-2",
            "yandex_vpc_network.dipnet",
            "yandex_vpc_route_table.inner-to-nat",
            "yandex_vpc_security_group.internal",
            "yandex_vpc_security_group.public-bastion",
            "yandex_vpc_subnet.public",
            "yandex_vpc_subnet.subnet_web-1",
            "yandex_vpc_subnet.subnet_web-2"
          ]
        }
      ]
    },
    {
      "mode": "managed",
      "type": "yandex_alb_http_router",
      "name": "http_router",
      "provider": "provider[\"registry.terraform.io/yandex-cloud/yandex\"]",
      "instances": [
        {
          "schema_version": 0,
          "attributes": {
            "created_at": "2025-10-30T12:24:18Z",
            "description": "",
            "folder_id": "b1gpdgi2qeubb28qhmg8",
            "id": "ds7fc8l877bqfbv488i6",
            "labels": null,
            "name": "new-http-router",
            "route_options": [],
            "timeouts": null
          },
          "sensitive_attributes": [],
          "private": "eyJlMmJmYjczMC1lY2FhLTExZTYtOGY4OC0zNDM2M2JjN2M0YzAiOnsiY3JlYXRlIjozMDAwMDAwMDAwMDAsImRlbGV0ZSI6MzAwMDAwMDAwMDAwLCJ1cGRhdGUiOjMwMDAwMDAwMDAwMH19"
        }
      ]
    },
    {
      "mode": "managed",
      "type": "yandex_alb_load_balancer",
      "name": "l7b",
      "provider": "provider[\"registry.terraform.io/yandex-cloud/yandex\"]",
      "instances": [
        {
          "schema_version": 0,
          "attributes": {
            "allocation_policy": [
              {
                "location": [
                  {
                    "disable_traffic": false,
                    "subnet_id": "e2l3a60c521vnlucgqga",
                    "zone_id": "ru-central1-b"
                  }
                ]
              }
            ],
            "allow_zonal_shift": false,
            "created_at": "2025-10-30T12:25:05Z",
            "description": "",
            "folder_id": "b1gpdgi2qeubb28qhmg8",
            "id": "ds7ta5dsrl1p0dshi2nl",
            "labels": null,
            "listener": [
              {
                "endpoint": [
                  {
                    "address": [
                      {
                        "external_ipv4_address": [
                          {
                            "address": "158.160.193.38"
                          }
                        ],
                        "external_ipv6_address": [],
                        "internal_ipv4_address": []
                      }
                    ],
                    "ports": [
                      80
                    ]
                  }
                ],
                "http": [
                  {
                    "handler": [
                      {
                        "allow_http10": false,
                        "http2_options": [],
                        "http_router_id": "ds7fc8l877bqfbv488i6",
                        "rewrite_request_id": false
                      }
                    ],
                    "redirects": []
                  }
                ],
                "name": "my-listener",
                "stream": [],
                "tls": []
              }
            ],
            "log_group_id": "",
            "log_options": [],
            "name": "new-load-balancer",
            "network_id": "enpcfs94oernfovkll90",
            "region_id": "",
            "security_group_ids": [
              "enp084si5hlr3nqb8or3",
              "enp9qcl7h01h6buqepg2"
            ],
            "status": "active",
            "timeouts": null
          },
          "sensitive_attributes": [],
          "private": "eyJlMmJmYjczMC1lY2FhLTExZTYtOGY4OC0zNDM2M2JjN2M0YzAiOnsiY3JlYXRlIjo2MDAwMDAwMDAwMDAsImRlbGV0ZSI6NjAwMDAwMDAwMDAwLCJ1cGRhdGUiOjYwMDAwMDAwMDAwMH19",
          "dependencies": [
            "yandex_alb_http_router.http_router",
            "yandex_compute_disk.disk-bastion",
            "yandex_compute_instance.bastion",
            "yandex_vpc_network.dipnet",
            "yandex_vpc_route_table.inner-to-nat",
            "yandex_vpc_security_group.internal",
            "yandex_vpc_security_group.public-bastion",
            "yandex_vpc_security_group.public-load-balancer",
            "yandex_vpc_subnet.private",
            "yandex_vpc_subnet.public"
          ]
        }
      ]
    },
    {
      "mode": "managed",
      "type": "yandex_alb_target_group",
      "name": "web_tg_group",
      "provider": "provider[\"registry.terraform.io/yandex-cloud/yandex\"]",
      "instances": [
        {
          "schema_version": 0,
          "attributes": {
            "created_at": "2025-10-30T12:25:33Z",
            "description": "",
            "folder_id": "b1gpdgi2qeubb28qhmg8",
            "id": "ds79s7ovhk7u4c0a15fc",
            "labels": null,
            "name": "new-target-group",
            "target": [
              {
                "ip_address": "10.10.1.3",
                "private_ipv4_address": false,
                "subnet_id": "e9b0jmutfrerlj6lpuut"
              },
              {
                "ip_address": "10.10.2.3",
                "private_ipv4_address": false,
                "subnet_id": "e2lhkr6p2888b95e45t0"
              }
            ],
            "timeouts": null
          },
          "sensitive_attributes": [],
          "private": "eyJlMmJmYjczMC1lY2FhLTExZTYtOGY4OC0zNDM2M2JjN2M0YzAiOnsiY3JlYXRlIjozMDAwMDAwMDAwMDAsImRlbGV0ZSI6MzAwMDAwMDAwMDAwLCJ1cGRhdGUiOjMwMDAwMDAwMDAwMH19",
          "dependencies": [
            "yandex_compute_disk.disk-bastion",
            "yandex_compute_disk.disk-web-1",
            "yandex_compute_disk.disk-web-2",
            "yandex_compute_instance.bastion",
            "yandex_compute_instance.web-1",
            "yandex_compute_instance.web-2",
            "yandex_vpc_network.dipnet",
            "yandex_vpc_route_table.inner-to-nat",
            "yandex_vpc_security_group.internal",
            "yandex_vpc_security_group.public-bastion",
            "yandex_vpc_subnet.public",
            "yandex_vpc_subnet.subnet_web-1",
            "yandex_vpc_subnet.subnet_web-2"
          ]
        }
      ]
    },
    {
      "mode": "managed",
      "type": "yandex_alb_virtual_host",
      "name": "root",
      "provider": "provider[\"registry.terraform.io/yandex-cloud/yandex\"]",
      "instances": [
        {
          "schema_version": 0,
          "attributes": {
            "authority": null,
            "http_router_id": "ds7fc8l877bqfbv488i6",
            "id": "ds7fc8l877bqfbv488i6/root-virtual-host",
            "modify_request_headers": [],
            "modify_response_headers": [],
            "name": "root-virtual-host",
            "rate_limit": [],
            "route": [
              {
                "grpc_route": [],
                "http_route": [
                  {
                    "direct_response_action": [],
                    "http_match": [
                      {
                        "http_method": null,
                        "path": [
                          {
                            "exact": "",
                            "prefix": "/",
                            "regex": ""
                          }
                        ]
                      }
                    ],
                    "http_route_action": [
                      {
                        "auto_host_rewrite": false,
                        "backend_group_id": "ds7ki749dc6ogt4vjnp3",
                        "host_rewrite": "",
                        "idle_timeout": "",
                        "prefix_rewrite": "",
                        "rate_limit": [],
                        "timeout": "3s",
                        "upgrade_types": null
                      }
                    ],
                    "redirect_action": []
                  }
                ],
                "name": "root-path",
                "route_options": []
              }
            ],
            "route_options": [],
            "timeouts": null
          },
          "sensitive_attributes": [],
          "private": "eyJlMmJmYjczMC1lY2FhLTExZTYtOGY4OC0zNDM2M2JjN2M0YzAiOnsiY3JlYXRlIjozMDAwMDAwMDAwMDAsImRlbGV0ZSI6MzAwMDAwMDAwMDAwLCJ1cGRhdGUiOjMwMDAwMDAwMDAwMH19",
          "dependencies": [
            "yandex_alb_backend_group.web_alb_bg",
            "yandex_alb_http_router.http_router",
            "yandex_alb_target_group.web_tg_group",
            "yandex_compute_disk.disk-bastion",
            "yandex_compute_disk.disk-web-1",
            "yandex_compute_disk.disk-web-2",
            "yandex_compute_instance.bastion",
            "yandex_compute_instance.web-1",
            "yandex_compute_instance.web-2",
            "yandex_vpc_network.dipnet",
            "yandex_vpc_route_table.inner-to-nat",
            "yandex_vpc_security_group.internal",
            "yandex_vpc_security_group.public-bastion",
            "yandex_vpc_subnet.public",
            "yandex_vpc_subnet.subnet_web-1",
            "yandex_vpc_subnet.subnet_web-2"
          ]
        }
      ]
    },
    {
      "mode": "managed",
      "type": "yandex_compute_disk",
      "name": "disk-bastion",
      "provider": "provider[\"registry.terraform.io/yandex-cloud/yandex\"]",
      "instances": [
        {
          "schema_version": 0,
          "attributes": {
            "allow_recreate": null,
            "block_size": 4096,
            "created_at": "2025-10-30T12:24:18Z",
            "description": "",
            "disk_placement_policy": [
              {
                "disk_placement_group_id": ""
              }
            ],
            "folder_id": "b1gpdgi2qeubb28qhmg8",
            "hardware_generation": [
              {
                "generation2_features": [],
                "legacy_features": [
                  {
                    "pci_topology": "PCI_TOPOLOGY_V1"
                  }
                ]
              }
            ],
            "id": "epdhpeqa44b9atakh5j6",
            "image_id": "fd8mfcsu31d3139ufj78",
            "kms_key_id": null,
            "labels": null,
            "name": "disk-vm-bastion",
            "product_ids": [
              "f2etok498b0uj6q4d6oc",
              "f2el9tmg1uoo8t2gf45m"
            ],
            "size": 8,
            "snapshot_id": "",
            "status": "ready",
            "timeouts": null,
            "type": "network-hdd",
            "zone": "ru-central1-b"
          },
          "sensitive_attributes": [],
          "private": "eyJlMmJmYjczMC1lY2FhLTExZTYtOGY4OC0zNDM2M2JjN2M0YzAiOnsiY3JlYXRlIjozMDAwMDAwMDAwMDAsImRlbGV0ZSI6MzAwMDAwMDAwMDAwLCJ1cGRhdGUiOjMwMDAwMDAwMDAwMH19"
        }
      ]
    },
    {
      "mode": "managed",
      "type": "yandex_compute_disk",
      "name": "disk-elastic",
      "provider": "provider[\"registry.terraform.io/yandex-cloud/yandex\"]",
      "instances": [
        {
          "schema_version": 0,
          "attributes": {
            "allow_recreate": null,
            "block_size": 4096,
            "created_at": "2025-10-30T12:24:18Z",
            "description": "",
            "disk_placement_policy": [
              {
                "disk_placement_group_id": ""
              }
            ],
            "folder_id": "b1gpdgi2qeubb28qhmg8",
            "hardware_generation": [
              {
                "generation2_features": [],
                "legacy_features": [
                  {
                    "pci_topology": "PCI_TOPOLOGY_V1"
                  }
                ]
              }
            ],
            "id": "epdtns12juqfo3lbs8i7",
            "image_id": "fd88rqql4soidsdqf98a",
            "kms_key_id": null,
            "labels": null,
            "name": "disk-vm-elastic",
            "product_ids": [
              "f2ecgf47np37d1pglenv"
            ],
            "size": 20,
            "snapshot_id": "",
            "status": "ready",
            "timeouts": null,
            "type": "network-hdd",
            "zone": "ru-central1-b"
          },
          "sensitive_attributes": [],
          "private": "eyJlMmJmYjczMC1lY2FhLTExZTYtOGY4OC0zNDM2M2JjN2M0YzAiOnsiY3JlYXRlIjozMDAwMDAwMDAwMDAsImRlbGV0ZSI6MzAwMDAwMDAwMDAwLCJ1cGRhdGUiOjMwMDAwMDAwMDAwMH19"
        }
      ]
    },
    {
      "mode": "managed",
      "type": "yandex_compute_disk",
      "name": "disk-kibana",
      "provider": "provider[\"registry.terraform.io/yandex-cloud/yandex\"]",
      "instances": [
        {
          "schema_version": 0,
          "attributes": {
            "allow_recreate": null,
            "block_size": 4096,
            "created_at": "2025-10-30T12:24:18Z",
            "description": "",
            "disk_placement_policy": [
              {
                "disk_placement_group_id": ""
              }
            ],
            "folder_id": "b1gpdgi2qeubb28qhmg8",
            "hardware_generation": [
              {
                "generation2_features": [],
                "legacy_features": [
                  {
                    "pci_topology": "PCI_TOPOLOGY_V1"
                  }
                ]
              }
            ],
            "id": "epd96m86nbpgucqqn64f",
            "image_id": "fd88rqql4soidsdqf98a",
            "kms_key_id": null,
            "labels": null,
            "name": "disk-vm-kibana",
            "product_ids": [
              "f2ecgf47np37d1pglenv"
            ],
            "size": 8,
            "snapshot_id": "",
            "status": "ready",
            "timeouts": null,
            "type": "network-hdd",
            "zone": "ru-central1-b"
          },
          "sensitive_attributes": [],
          "private": "eyJlMmJmYjczMC1lY2FhLTExZTYtOGY4OC0zNDM2M2JjN2M0YzAiOnsiY3JlYXRlIjozMDAwMDAwMDAwMDAsImRlbGV0ZSI6MzAwMDAwMDAwMDAwLCJ1cGRhdGUiOjMwMDAwMDAwMDAwMH19"
        }
      ]
    },
    {
      "mode": "managed",
      "type": "yandex_compute_disk",
      "name": "disk-web-1",
      "provider": "provider[\"registry.terraform.io/yandex-cloud/yandex\"]",
      "instances": [
        {
          "schema_version": 0,
          "attributes": {
            "allow_recreate": null,
            "block_size": 4096,
            "created_at": "2025-10-30T12:24:18Z",
            "description": "",
            "disk_placement_policy": [
              {
                "disk_placement_group_id": ""
              }
            ],
            "folder_id": "b1gpdgi2qeubb28qhmg8",
            "hardware_generation": [
              {
                "generation2_features": [],
                "legacy_features": [
                  {
                    "pci_topology": "PCI_TOPOLOGY_V1"
                  }
                ]
              }
            ],
            "id": "fhm7j5jp1sd2olcns0k8",
            "image_id": "fd88rqql4soidsdqf98a",
            "kms_key_id": null,
            "labels": null,
            "name": "disk-vm-web1",
            "product_ids": [
              "f2ecgf47np37d1pglenv"
            ],
            "size": 8,
            "snapshot_id": "",
            "status": "ready",
            "timeouts": null,
            "type": "network-hdd",
            "zone": "ru-central1-a"
          },
          "sensitive_attributes": [],
          "private": "eyJlMmJmYjczMC1lY2FhLTExZTYtOGY4OC0zNDM2M2JjN2M0YzAiOnsiY3JlYXRlIjozMDAwMDAwMDAwMDAsImRlbGV0ZSI6MzAwMDAwMDAwMDAwLCJ1cGRhdGUiOjMwMDAwMDAwMDAwMH19"
        }
      ]
    },
    {
      "mode": "managed",
      "type": "yandex_compute_disk",
      "name": "disk-web-2",
      "provider": "provider[\"registry.terraform.io/yandex-cloud/yandex\"]",
      "instances": [
        {
          "schema_version": 0,
          "attributes": {
            "allow_recreate": null,
            "block_size": 4096,
            "created_at": "2025-10-30T12:24:18Z",
            "description": "",
            "disk_placement_policy": [
              {
                "disk_placement_group_id": ""
              }
            ],
            "folder_id": "b1gpdgi2qeubb28qhmg8",
            "hardware_generation": [
              {
                "generation2_features": [],
                "legacy_features": [
                  {
                    "pci_topology": "PCI_TOPOLOGY_V1"
                  }
                ]
              }
            ],
            "id": "epdtb8iiblmri78jd4r5",
            "image_id": "fd88rqql4soidsdqf98a",
            "kms_key_id": null,
            "labels": null,
            "name": "disk-vm-web2",
            "product_ids": [
              "f2ecgf47np37d1pglenv"
            ],
            "size": 8,
            "snapshot_id": "",
            "status": "ready",
            "timeouts": null,
            "type": "network-hdd",
            "zone": "ru-central1-b"
          },
          "sensitive_attributes": [],
          "private": "eyJlMmJmYjczMC1lY2FhLTExZTYtOGY4OC0zNDM2M2JjN2M0YzAiOnsiY3JlYXRlIjozMDAwMDAwMDAwMDAsImRlbGV0ZSI6MzAwMDAwMDAwMDAwLCJ1cGRhdGUiOjMwMDAwMDAwMDAwMH19"
        }
      ]
    },
    {
      "mode": "managed",
      "type": "yandex_compute_disk",
      "name": "disk-zabbix",
      "provider": "provider[\"registry.terraform.io/yandex-cloud/yandex\"]",
      "instances": [
        {
          "schema_version": 0,
          "attributes": {
            "allow_recreate": null,
            "block_size": 4096,
            "created_at": "2025-10-30T12:24:18Z",
            "description": "",
            "disk_placement_policy": [
              {
                "disk_placement_group_id": ""
              }
            ],
            "folder_id": "b1gpdgi2qeubb28qhmg8",
            "hardware_generation": [
              {
                "generation2_features": [],
                "legacy_features": [
                  {
                    "pci_topology": "PCI_TOPOLOGY_V1"
                  }
                ]
              }
            ],
            "id": "epdc5n506dssf01eas2d",
            "image_id": "fd88rqql4soidsdqf98a",
            "kms_key_id": null,
            "labels": null,
            "name": "disk-vm-zabbix",
            "product_ids": [
              "f2ecgf47np37d1pglenv"
            ],
            "size": 8,
            "snapshot_id": "",
            "status": "ready",
            "timeouts": null,
            "type": "network-hdd",
            "zone": "ru-central1-b"
          },
          "sensitive_attributes": [],
          "private": "eyJlMmJmYjczMC1lY2FhLTExZTYtOGY4OC0zNDM2M2JjN2M0YzAiOnsiY3JlYXRlIjozMDAwMDAwMDAwMDAsImRlbGV0ZSI6MzAwMDAwMDAwMDAwLCJ1cGRhdGUiOjMwMDAwMDAwMDAwMH19"
        }
      ]
    },
    {
      "mode": "managed",
      "type": "yandex_compute_instance",
      "name": "bastion",
      "provider": "provider[\"registry.terraform.io/yandex-cloud/yandex\"]",
      "instances": [
        {
          "schema_version": 1,
          "attributes": {
            "allow_recreate": null,
            "allow_stopping_for_update": true,
            "boot_disk": [
              {
                "auto_delete": true,
                "device_name": "epdhpeqa44b9atakh5j6",
                "disk_id": "epdhpeqa44b9atakh5j6",
                "initialize_params": [
                  {
                    "block_size": 4096,
                    "description": "",
                    "image_id": "fd8mfcsu31d3139ufj78",
                    "kms_key_id": "",
                    "name": "disk-vm-bastion",
                    "size": 8,
                    "snapshot_id": "",
                    "type": "network-hdd"
                  }
                ],
                "mode": "READ_WRITE"
              }
            ],
            "created_at": "2025-10-30T12:24:32Z",
            "description": "",
            "filesystem": [],
            "folder_id": "b1gpdgi2qeubb28qhmg8",
            "fqdn": "bastion.ru-central1.internal",
            "gpu_cluster_id": "",
            "hardware_generation": [
              {
                "generation2_features": [],
                "legacy_features": [
                  {
                    "pci_topology": "PCI_TOPOLOGY_V1"
                  }
                ]
              }
            ],
            "hostname": "bastion",
            "id": "epdp8hpbduk2bapbsnpe",
            "labels": null,
            "local_disk": [],
            "maintenance_grace_period": "",
            "maintenance_policy": null,
            "metadata": {
              "user-data": "#cloud-config\nusers:\n  - name: user\n    groups: sudo\n    shell: /bin/bash\n    sudo: ['ALL=(ALL) NOPASSWD:ALL']\n    ssh-authorized-keys:\n      - ssh-ed25519 AAAAC3NzaC1lZDI1NTE5AAAAINPbjPskICzIXWViRi5TXaCtjVDYYr1CZ7puymMG0wxI cozu@cozu-VirtualBox\n"
            },
            "metadata_options": [
              {
                "aws_v1_http_endpoint": 1,
                "aws_v1_http_token": 2,
                "gce_http_endpoint": 1,
                "gce_http_token": 1
              }
            ],
            "name": "vm-bastion",
            "network_acceleration_type": "standard",
            "network_interface": [
              {
                "dns_record": [
                  {
                    "dns_zone_id": "",
                    "fqdn": "bastion.srv.",
                    "ptr": false,
                    "ttl": 300
                  }
                ],
                "index": 0,
                "ip_address": "10.10.4.4",
                "ipv4": true,
                "ipv6": false,
                "ipv6_address": "",
                "ipv6_dns_record": [],
                "mac_address": "d0:0d:19:44:72:b6",
                "nat": true,
                "nat_dns_record": [],
                "nat_ip_address": "158.160.78.148",
                "nat_ip_version": "IPV4",
                "security_group_ids": [
                  "enp084si5hlr3nqb8or3",
                  "enpmumabkltsl6o56si9"
                ],
                "subnet_id": "e2lr9igthbmful95gigq"
              }
            ],
            "placement_policy": [
              {
                "host_affinity_rules": [],
                "placement_group_id": "",
                "placement_group_partition": 0
              }
            ],
            "platform_id": "standard-v3",
            "resources": [
              {
                "core_fraction": 20,
                "cores": 2,
                "gpus": 0,
                "memory": 2
              }
            ],
            "scheduling_policy": [
              {
                "preemptible": true
              }
            ],
            "secondary_disk": [],
            "service_account_id": "",
            "status": "running",
            "timeouts": null,
            "zone": "ru-central1-b"
          },
          "sensitive_attributes": [],
          "private": "eyJlMmJmYjczMC1lY2FhLTExZTYtOGY4OC0zNDM2M2JjN2M0YzAiOnsiY3JlYXRlIjozMDAwMDAwMDAwMDAsImRlbGV0ZSI6MzAwMDAwMDAwMDAwLCJ1cGRhdGUiOjMwMDAwMDAwMDAwMH0sInNjaGVtYV92ZXJzaW9uIjoiMSJ9",
          "dependencies": [
            "yandex_compute_disk.disk-bastion",
            "yandex_vpc_network.dipnet",
            "yandex_vpc_security_group.internal",
            "yandex_vpc_security_group.public-bastion",
            "yandex_vpc_subnet.public"
          ]
        }
      ]
    },
    {
      "mode": "managed",
      "type": "yandex_compute_instance",
      "name": "elastic",
      "provider": "provider[\"registry.terraform.io/yandex-cloud/yandex\"]",
      "instances": [
        {
          "schema_version": 1,
          "attributes": {
            "allow_recreate": null,
            "allow_stopping_for_update": true,
            "boot_disk": [
              {
                "auto_delete": true,
                "device_name": "epdtns12juqfo3lbs8i7",
                "disk_id": "epdtns12juqfo3lbs8i7",
                "initialize_params": [
                  {
                    "block_size": 4096,
                    "description": "",
                    "image_id": "fd88rqql4soidsdqf98a",
                    "kms_key_id": "",
                    "name": "disk-vm-elastic",
                    "size": 20,
                    "snapshot_id": "",
                    "type": "network-hdd"
                  }
                ],
                "mode": "READ_WRITE"
              }
            ],
            "created_at": "2025-10-30T12:25:05Z",
            "description": "",
            "filesystem": [],
            "folder_id": "b1gpdgi2qeubb28qhmg8",
            "fqdn": "elastic.ru-central1.internal",
            "gpu_cluster_id": "",
            "hardware_generation": [
              {
                "generation2_features": [],
                "legacy_features": [
                  {
                    "pci_topology": "PCI_TOPOLOGY_V1"
                  }
                ]
              }
            ],
            "hostname": "elastic",
            "id": "epdeqvoenk17kfagocqv",
            "labels": null,
            "local_disk": [],
            "maintenance_grace_period": "",
            "maintenance_policy": null,
            "metadata": {
              "user-data": "#cloud-config\nusers:\n  - name: user\n    groups: sudo\n    shell: /bin/bash\n    sudo: ['ALL=(ALL) NOPASSWD:ALL']\n    ssh-authorized-keys:\n      - ssh-ed25519 AAAAC3NzaC1lZDI1NTE5AAAAINPbjPskICzIXWViRi5TXaCtjVDYYr1CZ7puymMG0wxI cozu@cozu-VirtualBox\n"
            },
            "metadata_options": [
              {
                "aws_v1_http_endpoint": 1,
                "aws_v1_http_token": 2,
                "gce_http_endpoint": 1,
                "gce_http_token": 1
              }
            ],
            "name": "vm-elastic",
            "network_acceleration_type": "standard",
            "network_interface": [
              {
                "dns_record": [
                  {
                    "dns_zone_id": "",
                    "fqdn": "elastic.srv.",
                    "ptr": false,
                    "ttl": 300
                  }
                ],
                "index": 0,
                "ip_address": "10.10.3.4",
                "ipv4": true,
                "ipv6": false,
                "ipv6_address": "",
                "ipv6_dns_record": [],
                "mac_address": "d0:0d:ed:7f:0e:bd",
                "nat": false,
                "nat_dns_record": [],
                "nat_ip_address": "",
                "nat_ip_version": "",
                "security_group_ids": [
                  "enp084si5hlr3nqb8or3"
                ],
                "subnet_id": "e2l3a60c521vnlucgqga"
              }
            ],
            "placement_policy": [
              {
                "host_affinity_rules": [],
                "placement_group_id": "",
                "placement_group_partition": 0
              }
            ],
            "platform_id": "standard-v3",
            "resources": [
              {
                "core_fraction": 20,
                "cores": 2,
                "gpus": 0,
                "memory": 4
              }
            ],
            "scheduling_policy": [
              {
                "preemptible": true
              }
            ],
            "secondary_disk": [],
            "service_account_id": "",
            "status": "running",
            "timeouts": null,
            "zone": "ru-central1-b"
          },
          "sensitive_attributes": [],
          "private": "eyJlMmJmYjczMC1lY2FhLTExZTYtOGY4OC0zNDM2M2JjN2M0YzAiOnsiY3JlYXRlIjozMDAwMDAwMDAwMDAsImRlbGV0ZSI6MzAwMDAwMDAwMDAwLCJ1cGRhdGUiOjMwMDAwMDAwMDAwMH0sInNjaGVtYV92ZXJzaW9uIjoiMSJ9",
          "dependencies": [
            "yandex_compute_disk.disk-bastion",
            "yandex_compute_disk.disk-elastic",
            "yandex_compute_instance.bastion",
            "yandex_vpc_network.dipnet",
            "yandex_vpc_route_table.inner-to-nat",
            "yandex_vpc_security_group.internal",
            "yandex_vpc_security_group.public-bastion",
            "yandex_vpc_subnet.private",
            "yandex_vpc_subnet.public"
          ]
        }
      ]
    },
    {
      "mode": "managed",
      "type": "yandex_compute_instance",
      "name": "kibana",
      "provider": "provider[\"registry.terraform.io/yandex-cloud/yandex\"]",
      "instances": [
        {
          "schema_version": 1,
          "attributes": {
            "allow_recreate": null,
            "allow_stopping_for_update": true,
            "boot_disk": [
              {
                "auto_delete": true,
                "device_name": "epd96m86nbpgucqqn64f",
                "disk_id": "epd96m86nbpgucqqn64f",
                "initialize_params": [
                  {
                    "block_size": 4096,
                    "description": "",
                    "image_id": "fd88rqql4soidsdqf98a",
                    "kms_key_id": "",
                    "name": "disk-vm-kibana",
                    "size": 8,
                    "snapshot_id": "",
                    "type": "network-hdd"
                  }
                ],
                "mode": "READ_WRITE"
              }
            ],
            "created_at": "2025-10-30T12:24:32Z",
            "description": "",
            "filesystem": [],
            "folder_id": "b1gpdgi2qeubb28qhmg8",
            "fqdn": "kibana.ru-central1.internal",
            "gpu_cluster_id": "",
            "hardware_generation": [
              {
                "generation2_features": [],
                "legacy_features": [
                  {
                    "pci_topology": "PCI_TOPOLOGY_V1"
                  }
                ]
              }
            ],
            "hostname": "kibana",
            "id": "epdkqhrl8946nk26o5s9",
            "labels": null,
            "local_disk": [],
            "maintenance_grace_period": "",
            "maintenance_policy": null,
            "metadata": {
              "user-data": "#cloud-config\nusers:\n  - name: user\n    groups: sudo\n    shell: /bin/bash\n    sudo: ['ALL=(ALL) NOPASSWD:ALL']\n    ssh-authorized-keys:\n      - ssh-ed25519 AAAAC3NzaC1lZDI1NTE5AAAAINPbjPskICzIXWViRi5TXaCtjVDYYr1CZ7puymMG0wxI cozu@cozu-VirtualBox\n"
            },
            "metadata_options": [
              {
                "aws_v1_http_endpoint": 1,
                "aws_v1_http_token": 2,
                "gce_http_endpoint": 1,
                "gce_http_token": 1
              }
            ],
            "name": "vm-kibana",
            "network_acceleration_type": "standard",
            "network_interface": [
              {
                "dns_record": [
                  {
                    "dns_zone_id": "",
                    "fqdn": "kibana.srv.",
                    "ptr": false,
                    "ttl": 300
                  }
                ],
                "index": 0,
                "ip_address": "10.10.4.3",
                "ipv4": true,
                "ipv6": false,
                "ipv6_address": "",
                "ipv6_dns_record": [],
                "mac_address": "d0:0d:14:d4:77:54",
                "nat": true,
                "nat_dns_record": [],
                "nat_ip_address": "158.160.72.192",
                "nat_ip_version": "IPV4",
                "security_group_ids": [
                  "enp084si5hlr3nqb8or3",
                  "enp2888gpv8vgn2839qc"
                ],
                "subnet_id": "e2lr9igthbmful95gigq"
              }
            ],
            "placement_policy": [
              {
                "host_affinity_rules": [],
                "placement_group_id": "",
                "placement_group_partition": 0
              }
            ],
            "platform_id": "standard-v3",
            "resources": [
              {
                "core_fraction": 20,
                "cores": 2,
                "gpus": 0,
                "memory": 2
              }
            ],
            "scheduling_policy": [
              {
                "preemptible": true
              }
            ],
            "secondary_disk": [],
            "service_account_id": "",
            "status": "running",
            "timeouts": null,
            "zone": "ru-central1-b"
          },
          "sensitive_attributes": [],
          "private": "eyJlMmJmYjczMC1lY2FhLTExZTYtOGY4OC0zNDM2M2JjN2M0YzAiOnsiY3JlYXRlIjozMDAwMDAwMDAwMDAsImRlbGV0ZSI6MzAwMDAwMDAwMDAwLCJ1cGRhdGUiOjMwMDAwMDAwMDAwMH0sInNjaGVtYV92ZXJzaW9uIjoiMSJ9",
          "dependencies": [
            "yandex_compute_disk.disk-kibana",
            "yandex_vpc_network.dipnet",
            "yandex_vpc_security_group.internal",
            "yandex_vpc_security_group.public-kibana",
            "yandex_vpc_subnet.public"
          ]
        }
      ]
    },
    {
      "mode": "managed",
      "type": "yandex_compute_instance",
      "name": "web-1",
      "provider": "provider[\"registry.terraform.io/yandex-cloud/yandex\"]",
      "instances": [
        {
          "schema_version": 1,
          "attributes": {
            "allow_recreate": null,
            "allow_stopping_for_update": true,
            "boot_disk": [
              {
                "auto_delete": true,
                "device_name": "fhm7j5jp1sd2olcns0k8",
                "disk_id": "fhm7j5jp1sd2olcns0k8",
                "initialize_params": [
                  {
                    "block_size": 4096,
                    "description": "",
                    "image_id": "fd88rqql4soidsdqf98a",
                    "kms_key_id": "",
                    "name": "disk-vm-web1",
                    "size": 8,
                    "snapshot_id": "",
                    "type": "network-hdd"
                  }
                ],
                "mode": "READ_WRITE"
              }
            ],
            "created_at": "2025-10-30T12:25:06Z",
            "description": "",
            "filesystem": [],
            "folder_id": "b1gpdgi2qeubb28qhmg8",
            "fqdn": "web1.ru-central1.internal",
            "gpu_cluster_id": "",
            "hardware_generation": [
              {
                "generation2_features": [],
                "legacy_features": [
                  {
                    "pci_topology": "PCI_TOPOLOGY_V1"
                  }
                ]
              }
            ],
            "hostname": "web1",
            "id": "fhmf5mlni6ov5cid5r4k",
            "labels": null,
            "local_disk": [],
            "maintenance_grace_period": "",
            "maintenance_policy": null,
            "metadata": {
              "user-data": "#cloud-config\nusers:\n  - name: user\n    groups: sudo\n    shell: /bin/bash\n    sudo: ['ALL=(ALL) NOPASSWD:ALL']\n    ssh-authorized-keys:\n      - ssh-ed25519 AAAAC3NzaC1lZDI1NTE5AAAAINPbjPskICzIXWViRi5TXaCtjVDYYr1CZ7puymMG0wxI cozu@cozu-VirtualBox\n"
            },
            "metadata_options": [
              {
                "aws_v1_http_endpoint": 1,
                "aws_v1_http_token": 2,
                "gce_http_endpoint": 1,
                "gce_http_token": 1
              }
            ],
            "name": "vm-web-1",
            "network_acceleration_type": "standard",
            "network_interface": [
              {
                "dns_record": [
                  {
                    "dns_zone_id": "",
                    "fqdn": "web1.srv.",
                    "ptr": false,
                    "ttl": 300
                  }
                ],
                "index": 0,
                "ip_address": "10.10.1.3",
                "ipv4": true,
                "ipv6": false,
                "ipv6_address": "",
                "ipv6_dns_record": [],
                "mac_address": "d0:0d:f2:da:b7:91",
                "nat": false,
                "nat_dns_record": [],
                "nat_ip_address": "",
                "nat_ip_version": "",
                "security_group_ids": [
                  "enp084si5hlr3nqb8or3"
                ],
                "subnet_id": "e9b0jmutfrerlj6lpuut"
              }
            ],
            "placement_policy": [
              {
                "host_affinity_rules": [],
                "placement_group_id": "",
                "placement_group_partition": 0
              }
            ],
            "platform_id": "standard-v3",
            "resources": [
              {
                "core_fraction": 20,
                "cores": 2,
                "gpus": 0,
                "memory": 2
              }
            ],
            "scheduling_policy": [
              {
                "preemptible": true
              }
            ],
            "secondary_disk": [],
            "service_account_id": "",
            "status": "running",
            "timeouts": null,
            "zone": "ru-central1-a"
          },
          "sensitive_attributes": [],
          "private": "eyJlMmJmYjczMC1lY2FhLTExZTYtOGY4OC0zNDM2M2JjN2M0YzAiOnsiY3JlYXRlIjozMDAwMDAwMDAwMDAsImRlbGV0ZSI6MzAwMDAwMDAwMDAwLCJ1cGRhdGUiOjMwMDAwMDAwMDAwMH0sInNjaGVtYV92ZXJzaW9uIjoiMSJ9",
          "dependencies": [
            "yandex_compute_disk.disk-bastion",
            "yandex_compute_disk.disk-web-1",
            "yandex_compute_instance.bastion",
            "yandex_vpc_network.dipnet",
            "yandex_vpc_route_table.inner-to-nat",
            "yandex_vpc_security_group.internal",
            "yandex_vpc_security_group.public-bastion",
            "yandex_vpc_subnet.public",
            "yandex_vpc_subnet.subnet_web-1"
          ]
        }
      ]
    },
    {
      "mode": "managed",
      "type": "yandex_compute_instance",
      "name": "web-2",
      "provider": "provider[\"registry.terraform.io/yandex-cloud/yandex\"]",
      "instances": [
        {
          "schema_version": 1,
          "attributes": {
            "allow_recreate": null,
            "allow_stopping_for_update": true,
            "boot_disk": [
              {
                "auto_delete": true,
                "device_name": "epdtb8iiblmri78jd4r5",
                "disk_id": "epdtb8iiblmri78jd4r5",
                "initialize_params": [
                  {
                    "block_size": 4096,
                    "description": "",
                    "image_id": "fd88rqql4soidsdqf98a",
                    "kms_key_id": "",
                    "name": "disk-vm-web2",
                    "size": 8,
                    "snapshot_id": "",
                    "type": "network-hdd"
                  }
                ],
                "mode": "READ_WRITE"
              }
            ],
            "created_at": "2025-10-30T12:25:05Z",
            "description": "",
            "filesystem": [],
            "folder_id": "b1gpdgi2qeubb28qhmg8",
            "fqdn": "web2.ru-central1.internal",
            "gpu_cluster_id": "",
            "hardware_generation": [
              {
                "generation2_features": [],
                "legacy_features": [
                  {
                    "pci_topology": "PCI_TOPOLOGY_V1"
                  }
                ]
              }
            ],
            "hostname": "web2",
            "id": "epdq2aptq0ad88kifvlm",
            "labels": null,
            "local_disk": [],
            "maintenance_grace_period": "",
            "maintenance_policy": null,
            "metadata": {
              "user-data": "#cloud-config\nusers:\n  - name: user\n    groups: sudo\n    shell: /bin/bash\n    sudo: ['ALL=(ALL) NOPASSWD:ALL']\n    ssh-authorized-keys:\n      - ssh-ed25519 AAAAC3NzaC1lZDI1NTE5AAAAINPbjPskICzIXWViRi5TXaCtjVDYYr1CZ7puymMG0wxI cozu@cozu-VirtualBox\n"
            },
            "metadata_options": [
              {
                "aws_v1_http_endpoint": 1,
                "aws_v1_http_token": 2,
                "gce_http_endpoint": 1,
                "gce_http_token": 1
              }
            ],
            "name": "vm-web-2",
            "network_acceleration_type": "standard",
            "network_interface": [
              {
                "dns_record": [
                  {
                    "dns_zone_id": "",
                    "fqdn": "web2.srv.",
                    "ptr": false,
                    "ttl": 300
                  }
                ],
                "index": 0,
                "ip_address": "10.10.2.3",
                "ipv4": true,
                "ipv6": false,
                "ipv6_address": "",
                "ipv6_dns_record": [],
                "mac_address": "d0:0d:1a:12:b3:dd",
                "nat": false,
                "nat_dns_record": [],
                "nat_ip_address": "",
                "nat_ip_version": "",
                "security_group_ids": [
                  "enp084si5hlr3nqb8or3"
                ],
                "subnet_id": "e2lhkr6p2888b95e45t0"
              }
            ],
            "placement_policy": [
              {
                "host_affinity_rules": [],
                "placement_group_id": "",
                "placement_group_partition": 0
              }
            ],
            "platform_id": "standard-v3",
            "resources": [
              {
                "core_fraction": 20,
                "cores": 2,
                "gpus": 0,
                "memory": 2
              }
            ],
            "scheduling_policy": [
              {
                "preemptible": true
              }
            ],
            "secondary_disk": [],
            "service_account_id": "",
            "status": "running",
            "timeouts": null,
            "zone": "ru-central1-b"
          },
          "sensitive_attributes": [],
          "private": "eyJlMmJmYjczMC1lY2FhLTExZTYtOGY4OC0zNDM2M2JjN2M0YzAiOnsiY3JlYXRlIjozMDAwMDAwMDAwMDAsImRlbGV0ZSI6MzAwMDAwMDAwMDAwLCJ1cGRhdGUiOjMwMDAwMDAwMDAwMH0sInNjaGVtYV92ZXJzaW9uIjoiMSJ9",
          "dependencies": [
            "yandex_compute_disk.disk-bastion",
            "yandex_compute_disk.disk-web-2",
            "yandex_compute_instance.bastion",
            "yandex_vpc_network.dipnet",
            "yandex_vpc_route_table.inner-to-nat",
            "yandex_vpc_security_group.internal",
            "yandex_vpc_security_group.public-bastion",
            "yandex_vpc_subnet.public",
            "yandex_vpc_subnet.subnet_web-2"
          ]
        }
      ]
    },
    {
      "mode": "managed",
      "type": "yandex_compute_instance",
      "name": "zabbix",
      "provider": "provider[\"registry.terraform.io/yandex-cloud/yandex\"]",
      "instances": [
        {
          "schema_version": 1,
          "attributes": {
            "allow_recreate": null,
            "allow_stopping_for_update": true,
            "boot_disk": [
              {
                "auto_delete": true,
                "device_name": "epdc5n506dssf01eas2d",
                "disk_id": "epdc5n506dssf01eas2d",
                "initialize_params": [
                  {
                    "block_size": 4096,
                    "description": "",
                    "image_id": "fd88rqql4soidsdqf98a",
                    "kms_key_id": "",
                    "name": "disk-vm-zabbix",
                    "size": 8,
                    "snapshot_id": "",
                    "type": "network-hdd"
                  }
                ],
                "mode": "READ_WRITE"
              }
            ],
            "created_at": "2025-10-30T12:24:32Z",
            "description": "",
            "filesystem": [],
            "folder_id": "b1gpdgi2qeubb28qhmg8",
            "fqdn": "zabbix.ru-central1.internal",
            "gpu_cluster_id": "",
            "hardware_generation": [
              {
                "generation2_features": [],
                "legacy_features": [
                  {
                    "pci_topology": "PCI_TOPOLOGY_V1"
                  }
                ]
              }
            ],
            "hostname": "zabbix",
            "id": "epd19ijaa6hu53lp3hqp",
            "labels": null,
            "local_disk": [],
            "maintenance_grace_period": "",
            "maintenance_policy": null,
            "metadata": {
              "user-data": "#cloud-config\nusers:\n  - name: user\n    groups: sudo\n    shell: /bin/bash\n    sudo: ['ALL=(ALL) NOPASSWD:ALL']\n    ssh-authorized-keys:\n      - ssh-ed25519 AAAAC3NzaC1lZDI1NTE5AAAAINPbjPskICzIXWViRi5TXaCtjVDYYr1CZ7puymMG0wxI cozu@cozu-VirtualBox\n"
            },
            "metadata_options": [
              {
                "aws_v1_http_endpoint": 1,
                "aws_v1_http_token": 2,
                "gce_http_endpoint": 1,
                "gce_http_token": 1
              }
            ],
            "name": "vm-zabbix",
            "network_acceleration_type": "standard",
            "network_interface": [
              {
                "dns_record": [
                  {
                    "dns_zone_id": "",
                    "fqdn": "zabbix.srv.",
                    "ptr": false,
                    "ttl": 300
                  }
                ],
                "index": 0,
                "ip_address": "10.10.4.5",
                "ipv4": true,
                "ipv6": false,
                "ipv6_address": "",
                "ipv6_dns_record": [],
                "mac_address": "d0:0d:14:ca:6a:51",
                "nat": true,
                "nat_dns_record": [],
                "nat_ip_address": "158.160.64.143",
                "nat_ip_version": "IPV4",
                "security_group_ids": [
                  "enp084si5hlr3nqb8or3",
                  "enpe9fll0s75cat5ui3b"
                ],
                "subnet_id": "e2lr9igthbmful95gigq"
              }
            ],
            "placement_policy": [
              {
                "host_affinity_rules": [],
                "placement_group_id": "",
                "placement_group_partition": 0
              }
            ],
            "platform_id": "standard-v3",
            "resources": [
              {
                "core_fraction": 20,
                "cores": 2,
                "gpus": 0,
                "memory": 2
              }
            ],
            "scheduling_policy": [
              {
                "preemptible": true
              }
            ],
            "secondary_disk": [],
            "service_account_id": "",
            "status": "running",
            "timeouts": null,
            "zone": "ru-central1-b"
          },
          "sensitive_attributes": [],
          "private": "eyJlMmJmYjczMC1lY2FhLTExZTYtOGY4OC0zNDM2M2JjN2M0YzAiOnsiY3JlYXRlIjozMDAwMDAwMDAwMDAsImRlbGV0ZSI6MzAwMDAwMDAwMDAwLCJ1cGRhdGUiOjMwMDAwMDAwMDAwMH0sInNjaGVtYV92ZXJzaW9uIjoiMSJ9",
          "dependencies": [
            "yandex_compute_disk.disk-zabbix",
            "yandex_vpc_network.dipnet",
            "yandex_vpc_security_group.internal",
            "yandex_vpc_security_group.public-zabbix",
            "yandex_vpc_subnet.public"
          ]
        }
      ]
    },
    {
      "mode": "managed",
      "type": "yandex_compute_snapshot_schedule",
      "name": "default1",
      "provider": "provider[\"registry.terraform.io/yandex-cloud/yandex\"]",
      "instances": [
        {
          "schema_version": 0,
          "attributes": {
            "created_at": "2025-10-30T12:25:36Z",
            "description": "Ежедневные снимки, хранятся 7 дней",
            "disk_ids": [
              "epd96m86nbpgucqqn64f",
              "epdc5n506dssf01eas2d",
              "epdhpeqa44b9atakh5j6",
              "epdtb8iiblmri78jd4r5",
              "epdtns12juqfo3lbs8i7",
              "fhm7j5jp1sd2olcns0k8"
            ],
            "folder_id": "b1gpdgi2qeubb28qhmg8",
            "id": "fd8ole26fc7j0nafil5f",
            "labels": null,
            "name": "default1",
            "retention_period": "168h0m0s",
            "schedule_policy": [
              {
                "expression": "0 1 * * *",
                "start_at": "1970-01-01T00:00:00Z"
              }
            ],
            "snapshot_count": 0,
            "snapshot_spec": [
              {
                "description": "retention-snapshot",
                "labels": null
              }
            ],
            "status": "active",
            "timeouts": null
          },
          "sensitive_attributes": [],
          "private": "eyJlMmJmYjczMC1lY2FhLTExZTYtOGY4OC0zNDM2M2JjN2M0YzAiOnsiY3JlYXRlIjozMDAwMDAwMDAwMDAsImRlbGV0ZSI6MzAwMDAwMDAwMDAwLCJ1cGRhdGUiOjMwMDAwMDAwMDAwMH19",
          "dependencies": [
            "yandex_compute_disk.disk-bastion",
            "yandex_compute_disk.disk-elastic",
            "yandex_compute_disk.disk-kibana",
            "yandex_compute_disk.disk-web-1",
            "yandex_compute_disk.disk-web-2",
            "yandex_compute_disk.disk-zabbix",
            "yandex_compute_instance.bastion",
            "yandex_compute_instance.elastic",
            "yandex_compute_instance.kibana",
            "yandex_compute_instance.web-1",
            "yandex_compute_instance.web-2",
            "yandex_compute_instance.zabbix",
            "yandex_vpc_network.dipnet",
            "yandex_vpc_route_table.inner-to-nat",
            "yandex_vpc_security_group.internal",
            "yandex_vpc_security_group.public-bastion",
            "yandex_vpc_security_group.public-kibana",
            "yandex_vpc_security_group.public-zabbix",
            "yandex_vpc_subnet.private",
            "yandex_vpc_subnet.public",
            "yandex_vpc_subnet.subnet_web-1",
            "yandex_vpc_subnet.subnet_web-2"
          ]
        }
      ]
    },
    {
      "mode": "managed",
      "type": "yandex_vpc_network",
      "name": "dipnet",
      "provider": "provider[\"registry.terraform.io/yandex-cloud/yandex\"]",
      "instances": [
        {
          "schema_version": 0,
          "attributes": {
            "created_at": "2025-10-30T12:24:18Z",
            "default_security_group_id": "enp35i49e8d57qrn2v3o",
            "description": "new network for the project",
            "folder_id": "b1gpdgi2qeubb28qhmg8",
            "id": "enpcfs94oernfovkll90",
            "labels": {},
            "name": "network_project",
            "subnet_ids": [],
            "timeouts": null
          },
          "sensitive_attributes": [],
          "private": "eyJlMmJmYjczMC1lY2FhLTExZTYtOGY4OC0zNDM2M2JjN2M0YzAiOnsiY3JlYXRlIjo2MDAwMDAwMDAwMCwiZGVsZXRlIjo2MDAwMDAwMDAwMCwidXBkYXRlIjo2MDAwMDAwMDAwMH19"
        }
      ]
    },
    {
      "mode": "managed",
      "type": "yandex_vpc_route_table",
      "name": "inner-to-nat",
      "provider": "provider[\"registry.terraform.io/yandex-cloud/yandex\"]",
      "instances": [
        {
          "schema_version": 0,
          "attributes": {
            "created_at": "2025-10-30T12:25:03Z",
            "description": "",
            "folder_id": "b1gpdgi2qeubb28qhmg8",
            "id": "enpps2fnrrs2ja2upjnr",
            "labels": {},
            "name": "",
            "network_id": "enpcfs94oernfovkll90",
            "static_route": [
              {
                "destination_prefix": "0.0.0.0/0",
                "gateway_id": "",
                "next_hop_address": "10.10.4.4"
              }
            ],
            "timeouts": null
          },
          "sensitive_attributes": [],
          "private": "eyJlMmJmYjczMC1lY2FhLTExZTYtOGY4OC0zNDM2M2JjN2M0YzAiOnsiY3JlYXRlIjoxODAwMDAwMDAwMDAsImRlbGV0ZSI6MTgwMDAwMDAwMDAwLCJ1cGRhdGUiOjE4MDAwMDAwMDAwMH19",
          "dependencies": [
            "yandex_compute_disk.disk-bastion",
            "yandex_compute_instance.bastion",
            "yandex_vpc_network.dipnet",
            "yandex_vpc_security_group.internal",
            "yandex_vpc_security_group.public-bastion",
            "yandex_vpc_subnet.public"
          ]
        }
      ]
    },
    {
      "mode": "managed",
      "type": "yandex_vpc_security_group",
      "name": "internal",
      "provider": "provider[\"registry.terraform.io/yandex-cloud/yandex\"]",
      "instances": [
        {
          "schema_version": 0,
          "attributes": {
            "created_at": "2025-10-30T12:24:31Z",
            "description": "",
            "egress": [
              {
                "description": "allow any outgoing connections",
                "from_port": -1,
                "id": "enpofc208j0uoonentuk",
                "labels": {},
                "port": -1,
                "predefined_target": "",
                "protocol": "ANY",
                "security_group_id": "",
                "to_port": -1,
                "v4_cidr_blocks": [
                  "0.0.0.0/0"
                ],
                "v6_cidr_blocks": []
              }
            ],
            "folder_id": "b1gpdgi2qeubb28qhmg8",
            "id": "enp084si5hlr3nqb8or3",
            "ingress": [
              {
                "description": "allow any connection from internal subnets",
                "from_port": -1,
                "id": "enp0vfpaplpcaip9pefa",
                "labels": {},
                "port": -1,
                "predefined_target": "self_security_group",
                "protocol": "ANY",
                "security_group_id": "",
                "to_port": -1,
                "v4_cidr_blocks": [],
                "v6_cidr_blocks": []
              }
            ],
            "labels": {},
            "name": "internal-rules",
            "network_id": "enpcfs94oernfovkll90",
            "status": "ACTIVE",
            "timeouts": null
          },
          "sensitive_attributes": [],
          "private": "eyJlMmJmYjczMC1lY2FhLTExZTYtOGY4OC0zNDM2M2JjN2M0YzAiOnsiY3JlYXRlIjoxODAwMDAwMDAwMDAsImRlbGV0ZSI6MTgwMDAwMDAwMDAwLCJ1cGRhdGUiOjE4MDAwMDAwMDAwMH19",
          "dependencies": [
            "yandex_vpc_network.dipnet"
          ]
        }
      ]
    },
    {
      "mode": "managed",
      "type": "yandex_vpc_security_group",
      "name": "public-bastion",
      "provider": "provider[\"registry.terraform.io/yandex-cloud/yandex\"]",
      "instances": [
        {
          "schema_version": 0,
          "attributes": {
            "created_at": "2025-10-30T12:24:22Z",
            "description": "",
            "egress": [
              {
                "description": "allow any outgoing connection",
                "from_port": -1,
                "id": "enpp6gj9p7h17uaq1uk7",
                "labels": {},
                "port": -1,
                "predefined_target": "",
                "protocol": "ANY",
                "security_group_id": "",
                "to_port": -1,
                "v4_cidr_blocks": [
                  "0.0.0.0/0"
                ],
                "v6_cidr_blocks": []
              }
            ],
            "folder_id": "b1gpdgi2qeubb28qhmg8",
            "id": "enpmumabkltsl6o56si9",
            "ingress": [
              {
                "description": "allow ping",
                "from_port": -1,
                "id": "enpv0m855hf8dtleqg5h",
                "labels": {},
                "port": -1,
                "predefined_target": "",
                "protocol": "ICMP",
                "security_group_id": "",
                "to_port": -1,
                "v4_cidr_blocks": [
                  "0.0.0.0/0"
                ],
                "v6_cidr_blocks": []
              },
              {
                "description": "ssh_bastion",
                "from_port": -1,
                "id": "enpfa75c0amair8deejl",
                "labels": {},
                "port": 22,
                "predefined_target": "",
                "protocol": "TCP",
                "security_group_id": "",
                "to_port": -1,
                "v4_cidr_blocks": [
                  "0.0.0.0/0"
                ],
                "v6_cidr_blocks": []
              }
            ],
            "labels": {},
            "name": "public-bastion-rules",
            "network_id": "enpcfs94oernfovkll90",
            "status": "ACTIVE",
            "timeouts": null
          },
          "sensitive_attributes": [],
          "private": "eyJlMmJmYjczMC1lY2FhLTExZTYtOGY4OC0zNDM2M2JjN2M0YzAiOnsiY3JlYXRlIjoxODAwMDAwMDAwMDAsImRlbGV0ZSI6MTgwMDAwMDAwMDAwLCJ1cGRhdGUiOjE4MDAwMDAwMDAwMH19",
          "dependencies": [
            "yandex_vpc_network.dipnet"
          ]
        }
      ]
    },
    {
      "mode": "managed",
      "type": "yandex_vpc_security_group",
      "name": "public-kibana",
      "provider": "provider[\"registry.terraform.io/yandex-cloud/yandex\"]",
      "instances": [
        {
          "schema_version": 0,
          "attributes": {
            "created_at": "2025-10-30T12:24:26Z",
            "description": "",
            "egress": [
              {
                "description": "allow any outgoing connection",
                "from_port": -1,
                "id": "enp62agocluj694gcn1k",
                "labels": {},
                "port": -1,
                "predefined_target": "",
                "protocol": "ANY",
                "security_group_id": "",
                "to_port": -1,
                "v4_cidr_blocks": [
                  "0.0.0.0/0"
                ],
                "v6_cidr_blocks": []
              }
            ],
            "folder_id": "b1gpdgi2qeubb28qhmg8",
            "id": "enp2888gpv8vgn2839qc",
            "ingress": [
              {
                "description": "allow kibana connections from internet",
                "from_port": -1,
                "id": "enpf3f8guvcc4gjsgcip",
                "labels": {},
                "port": 5601,
                "predefined_target": "",
                "protocol": "TCP",
                "security_group_id": "",
                "to_port": -1,
                "v4_cidr_blocks": [
                  "0.0.0.0/0"
                ],
                "v6_cidr_blocks": []
              },
              {
                "description": "allow ping",
                "from_port": -1,
                "id": "enp4plr72b37d77bs52v",
                "labels": {},
                "port": -1,
                "predefined_target": "",
                "protocol": "ICMP",
                "security_group_id": "",
                "to_port": -1,
                "v4_cidr_blocks": [
                  "0.0.0.0/0"
                ],
                "v6_cidr_blocks": []
              }
            ],
            "labels": {},
            "name": "public-kibana-rules",
            "network_id": "enpcfs94oernfovkll90",
            "status": "ACTIVE",
            "timeouts": null
          },
          "sensitive_attributes": [],
          "private": "eyJlMmJmYjczMC1lY2FhLTExZTYtOGY4OC0zNDM2M2JjN2M0YzAiOnsiY3JlYXRlIjoxODAwMDAwMDAwMDAsImRlbGV0ZSI6MTgwMDAwMDAwMDAwLCJ1cGRhdGUiOjE4MDAwMDAwMDAwMH19",
          "dependencies": [
            "yandex_vpc_network.dipnet"
          ]
        }
      ]
    },
    {
      "mode": "managed",
      "type": "yandex_vpc_security_group",
      "name": "public-load-balancer",
      "provider": "provider[\"registry.terraform.io/yandex-cloud/yandex\"]",
      "instances": [
        {
          "schema_version": 0,
          "attributes": {
            "created_at": "2025-10-30T12:24:29Z",
            "description": "",
            "egress": [
              {
                "description": "allow any outgoing connection",
                "from_port": -1,
                "id": "enp0qnatklkh598802re",
                "labels": {},
                "port": -1,
                "predefined_target": "",
                "protocol": "ANY",
                "security_group_id": "",
                "to_port": -1,
                "v4_cidr_blocks": [
                  "0.0.0.0/0"
                ],
                "v6_cidr_blocks": []
              }
            ],
            "folder_id": "b1gpdgi2qeubb28qhmg8",
            "id": "enp9qcl7h01h6buqepg2",
            "ingress": [
              {
                "description": "Health checks",
                "from_port": -1,
                "id": "enpc1ii1s9iid64rvchj",
                "labels": {},
                "port": -1,
                "predefined_target": "",
                "protocol": "ANY",
                "security_group_id": "",
                "to_port": -1,
                "v4_cidr_blocks": [
                  "0.0.0.0/0"
                ],
                "v6_cidr_blocks": []
              },
              {
                "description": "allow HTTP connections from internet",
                "from_port": -1,
                "id": "enphngvmrgh74q70gguh",
                "labels": {},
                "port": 80,
                "predefined_target": "",
                "protocol": "TCP",
                "security_group_id": "",
                "to_port": -1,
                "v4_cidr_blocks": [
                  "0.0.0.0/0"
                ],
                "v6_cidr_blocks": []
              },
              {
                "description": "allow ping",
                "from_port": -1,
                "id": "enp4a96sdi7mqea549m8",
                "labels": {},
                "port": -1,
                "predefined_target": "",
                "protocol": "ICMP",
                "security_group_id": "",
                "to_port": -1,
                "v4_cidr_blocks": [
                  "0.0.0.0/0"
                ],
                "v6_cidr_blocks": []
              }
            ],
            "labels": {},
            "name": "public-load-balancer-rules",
            "network_id": "enpcfs94oernfovkll90",
            "status": "ACTIVE",
            "timeouts": null
          },
          "sensitive_attributes": [],
          "private": "eyJlMmJmYjczMC1lY2FhLTExZTYtOGY4OC0zNDM2M2JjN2M0YzAiOnsiY3JlYXRlIjoxODAwMDAwMDAwMDAsImRlbGV0ZSI6MTgwMDAwMDAwMDAwLCJ1cGRhdGUiOjE4MDAwMDAwMDAwMH19",
          "dependencies": [
            "yandex_vpc_network.dipnet"
          ]
        }
      ]
    },
    {
      "mode": "managed",
      "type": "yandex_vpc_security_group",
      "name": "public-zabbix",
      "provider": "provider[\"registry.terraform.io/yandex-cloud/yandex\"]",
      "instances": [
        {
          "schema_version": 0,
          "attributes": {
            "created_at": "2025-10-30T12:24:24Z",
            "description": "",
            "egress": [
              {
                "description": "allow any outgoing connection",
                "from_port": -1,
                "id": "enpcumgrdlhn3pb2sjpp",
                "labels": {},
                "port": -1,
                "predefined_target": "",
                "protocol": "ANY",
                "security_group_id": "",
                "to_port": -1,
                "v4_cidr_blocks": [
                  "0.0.0.0/0"
                ],
                "v6_cidr_blocks": []
              }
            ],
            "folder_id": "b1gpdgi2qeubb28qhmg8",
            "id": "enpe9fll0s75cat5ui3b",
            "ingress": [
              {
                "description": "allow ping",
                "from_port": -1,
                "id": "enpj0b1a0thukehqk57n",
                "labels": {},
                "port": -1,
                "predefined_target": "",
                "protocol": "ICMP",
                "security_group_id": "",
                "to_port": -1,
                "v4_cidr_blocks": [
                  "0.0.0.0/0"
                ],
                "v6_cidr_blocks": []
              },
              {
                "description": "allow zabbix connections from internet",
                "from_port": -1,
                "id": "enp9b5u2t98ldsbvmcrl",
                "labels": {},
                "port": 10051,
                "predefined_target": "",
                "protocol": "TCP",
                "security_group_id": "",
                "to_port": -1,
                "v4_cidr_blocks": [
                  "0.0.0.0/0"
                ],
                "v6_cidr_blocks": []
              },
              {
                "description": "allow zabbix connections from internet",
                "from_port": -1,
                "id": "enpfaq3ntgjk64tj4ha0",
                "labels": {},
                "port": 80,
                "predefined_target": "",
                "protocol": "TCP",
                "security_group_id": "",
                "to_port": -1,
                "v4_cidr_blocks": [
                  "0.0.0.0/0"
                ],
                "v6_cidr_blocks": []
              }
            ],
            "labels": {},
            "name": "public-zabbix-rules",
            "network_id": "enpcfs94oernfovkll90",
            "status": "ACTIVE",
            "timeouts": null
          },
          "sensitive_attributes": [],
          "private": "eyJlMmJmYjczMC1lY2FhLTExZTYtOGY4OC0zNDM2M2JjN2M0YzAiOnsiY3JlYXRlIjoxODAwMDAwMDAwMDAsImRlbGV0ZSI6MTgwMDAwMDAwMDAwLCJ1cGRhdGUiOjE4MDAwMDAwMDAwMH19",
          "dependencies": [
            "yandex_vpc_network.dipnet"
          ]
        }
      ]
    },
    {
      "mode": "managed",
      "type": "yandex_vpc_subnet",
      "name": "private",
      "provider": "provider[\"registry.terraform.io/yandex-cloud/yandex\"]",
      "instances": [
        {
          "schema_version": 0,
          "attributes": {
            "created_at": "2025-10-30T12:25:04Z",
            "description": "",
            "dhcp_options": [],
            "folder_id": "b1gpdgi2qeubb28qhmg8",
            "id": "e2l3a60c521vnlucgqga",
            "labels": {},
            "name": "internal-subnet",
            "network_id": "enpcfs94oernfovkll90",
            "route_table_id": "enpps2fnrrs2ja2upjnr",
            "timeouts": null,
            "v4_cidr_blocks": [
              "10.10.3.0/27"
            ],
            "v6_cidr_blocks": [],
            "zone": "ru-central1-b"
          },
          "sensitive_attributes": [],
          "private": "eyJlMmJmYjczMC1lY2FhLTExZTYtOGY4OC0zNDM2M2JjN2M0YzAiOnsiY3JlYXRlIjoxODAwMDAwMDAwMDAsImRlbGV0ZSI6MTgwMDAwMDAwMDAwLCJ1cGRhdGUiOjE4MDAwMDAwMDAwMH19",
          "dependencies": [
            "yandex_compute_disk.disk-bastion",
            "yandex_compute_instance.bastion",
            "yandex_vpc_network.dipnet",
            "yandex_vpc_route_table.inner-to-nat",
            "yandex_vpc_security_group.internal",
            "yandex_vpc_security_group.public-bastion",
            "yandex_vpc_subnet.public"
          ]
        }
      ]
    },
    {
      "mode": "managed",
      "type": "yandex_vpc_subnet",
      "name": "public",
      "provider": "provider[\"registry.terraform.io/yandex-cloud/yandex\"]",
      "instances": [
        {
          "schema_version": 0,
          "attributes": {
            "created_at": "2025-10-30T12:24:20Z",
            "description": "",
            "dhcp_options": [],
            "folder_id": "b1gpdgi2qeubb28qhmg8",
            "id": "e2lr9igthbmful95gigq",
            "labels": {},
            "name": "public-subnet",
            "network_id": "enpcfs94oernfovkll90",
            "route_table_id": "",
            "timeouts": null,
            "v4_cidr_blocks": [
              "10.10.4.0/27"
            ],
            "v6_cidr_blocks": [],
            "zone": "ru-central1-b"
          },
          "sensitive_attributes": [],
          "private": "eyJlMmJmYjczMC1lY2FhLTExZTYtOGY4OC0zNDM2M2JjN2M0YzAiOnsiY3JlYXRlIjoxODAwMDAwMDAwMDAsImRlbGV0ZSI6MTgwMDAwMDAwMDAwLCJ1cGRhdGUiOjE4MDAwMDAwMDAwMH19",
          "dependencies": [
            "yandex_vpc_network.dipnet"
          ]
        }
      ]
    },
    {
      "mode": "managed",
      "type": "yandex_vpc_subnet",
      "name": "subnet_web-1",
      "provider": "provider[\"registry.terraform.io/yandex-cloud/yandex\"]",
      "instances": [
        {
          "schema_version": 0,
          "attributes": {
            "created_at": "2025-10-30T12:25:05Z",
            "description": "",
            "dhcp_options": [],
            "folder_id": "b1gpdgi2qeubb28qhmg8",
            "id": "e9b0jmutfrerlj6lpuut",
            "labels": {},
            "name": "subnet_web-1",
            "network_id": "enpcfs94oernfovkll90",
            "route_table_id": "enpps2fnrrs2ja2upjnr",
            "timeouts": null,
            "v4_cidr_blocks": [
              "10.10.1.0/28"
            ],
            "v6_cidr_blocks": [],
            "zone": "ru-central1-a"
          },
          "sensitive_attributes": [],
          "private": "eyJlMmJmYjczMC1lY2FhLTExZTYtOGY4OC0zNDM2M2JjN2M0YzAiOnsiY3JlYXRlIjoxODAwMDAwMDAwMDAsImRlbGV0ZSI6MTgwMDAwMDAwMDAwLCJ1cGRhdGUiOjE4MDAwMDAwMDAwMH19",
          "dependencies": [
            "yandex_compute_disk.disk-bastion",
            "yandex_compute_instance.bastion",
            "yandex_vpc_network.dipnet",
            "yandex_vpc_route_table.inner-to-nat",
            "yandex_vpc_security_group.internal",
            "yandex_vpc_security_group.public-bastion",
            "yandex_vpc_subnet.public"
          ]
        }
      ]
    },
    {
      "mode": "managed",
      "type": "yandex_vpc_subnet",
      "name": "subnet_web-2",
      "provider": "provider[\"registry.terraform.io/yandex-cloud/yandex\"]",
      "instances": [
        {
          "schema_version": 0,
          "attributes": {
            "created_at": "2025-10-30T12:25:04Z",
            "description": "",
            "dhcp_options": [],
            "folder_id": "b1gpdgi2qeubb28qhmg8",
            "id": "e2lhkr6p2888b95e45t0",
            "labels": {},
            "name": "subnet_web-2",
            "network_id": "enpcfs94oernfovkll90",
            "route_table_id": "enpps2fnrrs2ja2upjnr",
            "timeouts": null,
            "v4_cidr_blocks": [
              "10.10.2.0/28"
            ],
            "v6_cidr_blocks": [],
            "zone": "ru-central1-b"
          },
          "sensitive_attributes": [],
          "private": "eyJlMmJmYjczMC1lY2FhLTExZTYtOGY4OC0zNDM2M2JjN2M0YzAiOnsiY3JlYXRlIjoxODAwMDAwMDAwMDAsImRlbGV0ZSI6MTgwMDAwMDAwMDAwLCJ1cGRhdGUiOjE4MDAwMDAwMDAwMH19",
          "dependencies": [
            "yandex_compute_disk.disk-bastion",
            "yandex_compute_instance.bastion",
            "yandex_vpc_network.dipnet",
            "yandex_vpc_route_table.inner-to-nat",
            "yandex_vpc_security_group.internal",
            "yandex_vpc_security_group.public-bastion",
            "yandex_vpc_subnet.public"
          ]
        }
      ]
    }
  ],
  "check_results": null
}
